
Microsoft Visual Studio Solution File, Format Version 12.00
# Visual Studio 15
VisualStudioVersion = 15.0.28307.329
MinimumVisualStudioVersion = 10.0.40219.1
Project("{FAE04EC0-301F-11D3-BF4B-00C04F79EFBC}") = "MediatRQuartzConsoleApp", "MediatRQuartzConsoleApp\MediatRQuartzConsoleApp.csproj", "{C51D5398-2DF6-42ED-B0F2-721EE42BC9C9}"
EndProject
Global
	GlobalSection(SolutionConfigurationPlatforms) = preSolution
		Debug|Any CPU = Debug|Any CPU
		Release|Any CPU = Release|Any CPU
	EndGlobalSection
	GlobalSection(ProjectConfigurationPlatforms) = postSolution
		{C51D5398-2DF6-42ED-B0F2-721EE42BC9C9}.Debug|Any CPU.ActiveCfg = Debug|Any CPU
		{C51D5398-2DF6-42ED-B0F2-721EE42BC9C9}.Debug|Any CPU.Build.0 = Debug|Any CPU
		{C51D5398-2DF6-42ED-B0F2-721EE42BC9C9}.Release|Any CPU.ActiveCfg = Release|Any CPU
		{C51D5398-2DF6-42ED-B0F2-721EE42BC9C9}.Release|Any CPU.Build.0 = Release|Any CPU
	EndGlobalSection
	GlobalSection(SolutionProperties) = preSolution
		HideSolutionNode = FALSE
	EndGlobalSection
	GlobalSection(ExtensibilityGlobals) = postSolution
		SolutionGuid = {399FAE0A-A459-404E-99E4-3B7AE1A531D0}
	EndGlobalSection
EndGlobal
